
Microsoft Visual Studio Solution File, Format Version 12.00
# Visual Studio 15
VisualStudioVersion = 15.0.28010.2041
MinimumVisualStudioVersion = 10.0.40219.1
Project("{888888A0-9F3D-457C-B088-3A5042F75D52}") = "FlaskWebProject1", "FlaskWebProject1\FlaskWebProject1.pyproj", "{05F3E0DC-AB70-4C5E-833D-5EA3D72ADAA9}"
EndProject
Global
	GlobalSection(SolutionConfigurationPlatforms) = preSolution
		Debug|Any CPU = Debug|Any CPU
		Release|Any CPU = Release|Any CPU
	EndGlobalSection
	GlobalSection(ProjectConfigurationPlatforms) = postSolution
		{05F3E0DC-AB70-4C5E-833D-5EA3D72ADAA9}.Debug|Any CPU.ActiveCfg = Debug|Any CPU
		{05F3E0DC-AB70-4C5E-833D-5EA3D72ADAA9}.Debug|Any CPU.Build.0 = Debug|Any CPU
		{05F3E0DC-AB70-4C5E-833D-5EA3D72ADAA9}.Release|Any CPU.ActiveCfg = Release|Any CPU
		{05F3E0DC-AB70-4C5E-833D-5EA3D72ADAA9}.Release|Any CPU.Build.0 = Release|Any CPU
	EndGlobalSection
	GlobalSection(SolutionProperties) = preSolution
		HideSolutionNode = FALSE
	EndGlobalSection
	GlobalSection(ExtensibilityGlobals) = postSolution
		SolutionGuid = {B1B06EDB-6D34-404B-ACD7-25DE9B94800C}
	EndGlobalSection
EndGlobal
